
Microsoft Visual Studio Solution File, Format Version 12.00
# Visual Studio Version 16
VisualStudioVersion = 16.0.29613.14
MinimumVisualStudioVersion = 10.0.40219.1
Project("{FAE04EC0-301F-11D3-BF4B-00C04F79EFBC}") = "Logikoz.XamarinUtilities", "Logikoz.XamarinUtilities\Logikoz.XamarinUtilities.csproj", "{AE831BC6-4D13-49F8-9669-5DEECAF34D56}"
EndProject
Global
	GlobalSection(SolutionConfigurationPlatforms) = preSolution
		Debug|Any CPU = Debug|Any CPU
		Release|Any CPU = Release|Any CPU
	EndGlobalSection
	GlobalSection(ProjectConfigurationPlatforms) = postSolution
		{AE831BC6-4D13-49F8-9669-5DEECAF34D56}.Debug|Any CPU.ActiveCfg = Debug|Any CPU
		{AE831BC6-4D13-49F8-9669-5DEECAF34D56}.Debug|Any CPU.Build.0 = Debug|Any CPU
		{AE831BC6-4D13-49F8-9669-5DEECAF34D56}.Release|Any CPU.ActiveCfg = Release|Any CPU
		{AE831BC6-4D13-49F8-9669-5DEECAF34D56}.Release|Any CPU.Build.0 = Release|Any CPU
	EndGlobalSection
	GlobalSection(SolutionProperties) = preSolution
		HideSolutionNode = FALSE
	EndGlobalSection
	GlobalSection(ExtensibilityGlobals) = postSolution
		SolutionGuid = {502D140F-E673-402B-9913-73930F712BE2}
	EndGlobalSection
EndGlobal
